# This file was autogenerated by Stack.
# You should not edit this file by hand.
# For more information, please see the documentation at:
#   https://docs.haskellstack.org/en/stable/lock_files

packages:
- completed:
    hackage: equational-reasoning-0.6.0.1@sha256:8a1422fb4a79f19d3e95e73f721aa764968e12768b5e2d2e2940e2db71d2e452,1737
    pantry-tree:
      size: 496
      sha256: 9ffa610397f60afd6f8843eaa4ab4b0b4fa69cdf26f6107990f07822b845a643
  original:
    hackage: equational-reasoning-0.6.0.1
- completed:
    size: 3635513
    subdir: algebraic-prelude
    url: https://github.com/konn/computational-algebra/archive/7c2ac459fc63783b0f822489729a3326cb9ac8d7.tar.gz
    cabal-file:
      size: 1661
      sha256: a57dfac3a519a94902e811abc0b1e74e9c7f4edf2f26c960c54ea087717a1753
    name: algebraic-prelude
    version: 0.1.1.0
    sha256: a0125efa3c24bff9bf5450992b7730bdd1bad7ce4b91c546ebbff5f1a13d34ed
    pantry-tree:
      size: 375
      sha256: be178264095c172cb288d9c55b9ef28d38879ae46a8122c15cc668bf3abdb9fe
  original:
    subdir: algebraic-prelude
    url: https://github.com/konn/computational-algebra/archive/7c2ac459fc63783b0f822489729a3326cb9ac8d7.tar.gz
- completed:
    size: 3635513
    subdir: halg-core
    url: https://github.com/konn/computational-algebra/archive/7c2ac459fc63783b0f822489729a3326cb9ac8d7.tar.gz
    cabal-file:
      size: 2023
      sha256: b344c84aabeab42c7a25e1001659eaf7659ce31c402ede54c53befa4e3029862
    name: halg-core
    version: 0.6.0.0
    sha256: a0125efa3c24bff9bf5450992b7730bdd1bad7ce4b91c546ebbff5f1a13d34ed
    pantry-tree:
      size: 1131
      sha256: 9290a368ce85d99d011d00bec0c04ec10a2d93b001f425ae58d03b1825bdeda1
  original:
    subdir: halg-core
    url: https://github.com/konn/computational-algebra/archive/7c2ac459fc63783b0f822489729a3326cb9ac8d7.tar.gz
- completed:
    size: 3635513
    subdir: halg-polynomials
    url: https://github.com/konn/computational-algebra/archive/7c2ac459fc63783b0f822489729a3326cb9ac8d7.tar.gz
    cabal-file:
      size: 2716
      sha256: 26cc9a8272b9faa8c08434c14f425fe8606d7bbf32a4aa41823509a7caec8a56
    name: halg-polynomials
    version: 0.6.0.0
    sha256: a0125efa3c24bff9bf5450992b7730bdd1bad7ce4b91c546ebbff5f1a13d34ed
    pantry-tree:
      size: 1334
      sha256: 5f6554bba2c8832bb428faf7ed5614a18a511296b8a1a712e40c376e61af80a4
  original:
    subdir: halg-polynomials
    url: https://github.com/konn/computational-algebra/archive/7c2ac459fc63783b0f822489729a3326cb9ac8d7.tar.gz
- completed:
    size: 3635513
    subdir: halg-heaps
    url: https://github.com/konn/computational-algebra/archive/7c2ac459fc63783b0f822489729a3326cb9ac8d7.tar.gz
    cabal-file:
      size: 1328
      sha256: c2b7c8e232787497b61a78e21ab6e4b4b0a166b0c1716f20007c5dc027fbf269
    name: halg-heaps
    version: 0.1.0.0
    sha256: a0125efa3c24bff9bf5450992b7730bdd1bad7ce4b91c546ebbff5f1a13d34ed
    pantry-tree:
      size: 709
      sha256: 4b87a686a364e1dc2d1bc4c550dc6eb0fd65ab6dcd8536ae7f80818bdc5850b4
  original:
    subdir: halg-heaps
    url: https://github.com/konn/computational-algebra/archive/7c2ac459fc63783b0f822489729a3326cb9ac8d7.tar.gz
- completed:
    size: 3635513
    subdir: halg-matrices
    url: https://github.com/konn/computational-algebra/archive/7c2ac459fc63783b0f822489729a3326cb9ac8d7.tar.gz
    cabal-file:
      size: 2805
      sha256: 8897fc04b0b23d3bbea1ede13a811cc95a73a86b1b7fc8fe006f3d18a2ae6d77
    name: halg-matrices
    version: 0.6.0.0
    sha256: a0125efa3c24bff9bf5450992b7730bdd1bad7ce4b91c546ebbff5f1a13d34ed
    pantry-tree:
      size: 1130
      sha256: bb106b07cfae48ae2bc16d8617a6ef2eac134203d515b8f10815dae01636b593
  original:
    subdir: halg-matrices
    url: https://github.com/konn/computational-algebra/archive/7c2ac459fc63783b0f822489729a3326cb9ac8d7.tar.gz
- completed:
    size: 3635513
    subdir: halg-algorithms
    url: https://github.com/konn/computational-algebra/archive/7c2ac459fc63783b0f822489729a3326cb9ac8d7.tar.gz
    cabal-file:
      size: 13932
      sha256: 2da9c41cadec7671b1034f140780e7a5e2939bc4cc515b47635ca0b40f10fda8
    name: halg-algorithms
    version: 0.6.0.0
    sha256: a0125efa3c24bff9bf5450992b7730bdd1bad7ce4b91c546ebbff5f1a13d34ed
    pantry-tree:
      size: 2803
      sha256: c17d61f5b04b2d6d7321e3bbd7df85742d46d87d504858ddad5658fef5d845c1
  original:
    subdir: halg-algorithms
    url: https://github.com/konn/computational-algebra/archive/7c2ac459fc63783b0f822489729a3326cb9ac8d7.tar.gz
- completed:
    hackage: algebra-4.3.1@sha256:323cf20c508e0b71422b767ff3a89e4188f68aa59b2df9d0fe6e9f9bae7938fb,4129
    pantry-tree:
      size: 5556
      sha256: 2dea7d23304c09c902fb1f90f45b1b22df6ded47fb717742cca119f9f3667b21
  original:
    hackage: algebra-4.3.1@rev:2
- completed:
    hackage: control-monad-loop-0.1@sha256:2b8d9fbc6e53f2c8f679188952b90f2c69507d1c1efd8867beb64591a22b341c,1106
    pantry-tree:
      size: 466
      sha256: e0bb7221ac929e5fe3722f4838551e962589a8fed18199d9791385864855f466
  original:
    hackage: control-monad-loop-0.1
- completed:
    hackage: unamb-0.2.7@sha256:ce5db0575bca8ca04c9e9dce3ba75b6f9e5ceea834c6ba4fae45aca6fa963334,2385
    pantry-tree:
      size: 217
      sha256: c3c4ac7408c2999b6779714459d2433ff2495f90161d7c3ca349ca3aa6386be8
  original:
    hackage: unamb-0.2.7
- completed:
    hackage: repa-3.4.1.4@sha256:5c836bc314ea04ac284d21117b361eb95829d793e8f82508535aa0ca04911d9e,3315
    pantry-tree:
      size: 2965
      sha256: 658dece8ff797a9ff0940ad812b966e0a93c3e4442f73c27b96d615106db7db8
  original:
    hackage: repa-3.4.1.4
snapshots:
- completed:
    size: 488576
    url: https://raw.githubusercontent.com/commercialhaskell/stackage-snapshots/master/lts/15/0.yaml
    sha256: e4b6a87b47ec1cf63a7f1a0884a3b276fce2b0d174a10e8753c4f618e7983568
  original: lts-15.0
